{
  "requires": true,
  "lockfileVersion": 1,
  "dependencies": {
    "vue": {
      "version": "2.6.11",
      "resolved": "https://registry.npmjs.org/vue/-/vue-2.6.11.tgz",
      "integrity": "sha512-VfPwgcGABbGAue9+sfrD4PuwFar7gPb1yl1UK1MwXoQPAw0BKSqWfoYCT/ThFrdEVWoI51dBuyCoiNU9bZDZxQ=="
    },
    "vuee": {
      "version": "1.0.0-security",
      "resolved": "https://registry.npmjs.org/vuee/-/vuee-1.0.0-security.tgz",
      "integrity": "sha512-G2zpv0uFO8SuyejC08+rvORombkT6fmnnklFsbIKQh+yCZTZ6F7m2BSmcigKWSnOi3GYZcXcOZzAnipNoYtVww=="
    }
  }
}
